<?xml version="1.0" encoding="UTF-8" standalone="yes" ?>
<CodeBlocks_project_file>
	<FileVersion major="1" minor="6" />
	<Project>
		<Option title="GLIP-LIB" />
		<Option makefile_is_custom="1" />
		<Option execution_dir="../GLIP-Lib" />
		<Option pch_mode="2" />
		<Option compiler="gcc" />
		<MakeCommands>
			<Build command="$make -f $makefile" />
			<CompileFile command="$make -f $makefile $file" />
			<Clean command="$make -f $makefile clean" />
			<DistClean command="$make -f $makefile distclean$target" />
			<AskRebuildNeeded command="$make -q -f $makefile" />
			<SilentBuild command="$make -s -f $makefile" />
		</MakeCommands>
		<Build>
			<Target title="Debug">
				<Option output="../GLIP-Lib/lib/libglip.a" prefix_auto="0" extension_auto="0" />
				<Option object_output="obj/Debug/" />
				<Option type="1" />
				<Option compiler="gcc" />
				<Compiler>
					<Add option="-g" />
				</Compiler>
				<MakeCommands>
					<Build command="$make -f $makefile" />
					<CompileFile command="$make -f $makefile $file" />
					<Clean command="$make -f $makefile clean" />
					<DistClean command="$make -f $makefile distclean$target" />
					<AskRebuildNeeded command="$make -q -f $makefile" />
					<SilentBuild command="$make -s -f $makefile" />
				</MakeCommands>
			</Target>
			<Target title="Release">
				<Option output="../GLIP-Lib/lib/libglip.a" prefix_auto="0" extension_auto="0" />
				<Option object_output="obj/Release/" />
				<Option type="1" />
				<Option compiler="gcc" />
				<Compiler>
					<Add option="-O2" />
				</Compiler>
				<Linker>
					<Add option="-s" />
				</Linker>
				<MakeCommands>
					<Build command="$make -f $makefile" />
					<CompileFile command="$make -f $makefile $file" />
					<Clean command="$make -f $makefile clean" />
					<DistClean command="$make -f $makefile distclean$target" />
					<AskRebuildNeeded command="$make -q -f $makefile " />
					<SilentBuild command="$make -s -f $makefile" />
				</MakeCommands>
			</Target>
		</Build>
		<Compiler>
			<Add option="-Wall" />
		</Compiler>
		<ExtraCommands>
			<Add before='cmake . -G&quot;Unix Makefiles&quot;' />
			<Mode after="always" />
		</ExtraCommands>
		<Unit filename="../GLIP-Lib/include/Core/Component.hpp" />
		<Unit filename="../GLIP-Lib/include/Core/Devices.hpp" />
		<Unit filename="../GLIP-Lib/include/Core/Exception.hpp" />
		<Unit filename="../GLIP-Lib/include/Core/Filter.hpp" />
		<Unit filename="../GLIP-Lib/include/Core/HdlFBO.hpp" />
		<Unit filename="../GLIP-Lib/include/Core/HdlGeBO.hpp" />
		<Unit filename="../GLIP-Lib/include/Core/HdlInfo.hpp" />
		<Unit filename="../GLIP-Lib/include/Core/HdlPBO.hpp" />
		<Unit filename="../GLIP-Lib/include/Core/HdlShader.hpp" />
		<Unit filename="../GLIP-Lib/include/Core/HdlTexture.hpp" />
		<Unit filename="../GLIP-Lib/include/Core/HdlVBO.hpp" />
		<Unit filename="../GLIP-Lib/include/Core/NamingLayout.hpp" />
		<Unit filename="../GLIP-Lib/include/Core/OglInclude.hpp" />
		<Unit filename="../GLIP-Lib/include/Core/Pipeline.hpp" />
		<Unit filename="../GLIP-Lib/include/Core/ShaderSource.hpp" />
		<Unit filename="../GLIP-Lib/include/Core/glew.h" />
		<Unit filename="../GLIP-Lib/include/Core/glxew.h" />
		<Unit filename="../GLIP-Lib/include/Core/wglew.h" />
		<Unit filename="../GLIP-Lib/include/GLIPLib.hpp" />
		<Unit filename="../GLIP-Lib/include/Modules/LayoutLoader.hpp" />
		<Unit filename="../GLIP-Lib/include/Modules/Modules.hpp" />
		<Unit filename="../GLIP-Lib/include/Modules/TextureReader.hpp" />
		<Unit filename="../GLIP-Lib/include/devDebugTools.hpp" />
		<Unit filename="../GLIP-Lib/src/Core/Component.cpp" />
		<Unit filename="../GLIP-Lib/src/Core/Devices.cpp" />
		<Unit filename="../GLIP-Lib/src/Core/Exception.cpp" />
		<Unit filename="../GLIP-Lib/src/Core/Filter.cpp" />
		<Unit filename="../GLIP-Lib/src/Core/HdlFBO.cpp" />
		<Unit filename="../GLIP-Lib/src/Core/HdlGeBO.cpp" />
		<Unit filename="../GLIP-Lib/src/Core/HdlInfo.cpp" />
		<Unit filename="../GLIP-Lib/src/Core/HdlPBO.cpp" />
		<Unit filename="../GLIP-Lib/src/Core/HdlShader.cpp" />
		<Unit filename="../GLIP-Lib/src/Core/HdlTexture.cpp" />
		<Unit filename="../GLIP-Lib/src/Core/HdlVBO.cpp" />
		<Unit filename="../GLIP-Lib/src/Core/NamingLayout.cpp" />
		<Unit filename="../GLIP-Lib/src/Core/OglTools.cpp" />
		<Unit filename="../GLIP-Lib/src/Core/Pipeline.cpp" />
		<Unit filename="../GLIP-Lib/src/Core/ShaderSource.cpp" />
		<Unit filename="../GLIP-Lib/src/Core/glew.c">
			<Option compilerVar="CC" />
		</Unit>
		<Unit filename="../GLIP-Lib/src/Modules/LayoutLoader.cpp" />
		<Unit filename="../GLIP-Lib/src/Modules/TextureReader.cpp" />
		<Extensions>
			<code_completion />
			<envvars />
			<debugger />
			<lib_finder disable_auto="1" />
		</Extensions>
	</Project>
</CodeBlocks_project_file>
